
Microsoft Visual Studio Solution File, Format Version 12.00
# Visual Studio 14
VisualStudioVersion = 14.0.25420.1
MinimumVisualStudioVersion = 10.0.40219.1
Project("{FAE04EC0-301F-11D3-BF4B-00C04F79EFBC}") = "QLGiaoVien", "QLGiaoVien\QLGiaoVien.csproj", "{5298EA1F-E4BF-42AD-A2C0-ABB9E16C51F9}"
EndProject
Project("{FAE04EC0-301F-11D3-BF4B-00C04F79EFBC}") = "Utils", "Utils\Utils.csproj", "{0C7546CB-80B7-4448-B4FA-79AB91BF943E}"
EndProject
Project("{FAE04EC0-301F-11D3-BF4B-00C04F79EFBC}") = "DAO", "DAO\DAO.csproj", "{C45B3E60-1485-4DFD-818A-A9515908B1BE}"
EndProject
Project("{FAE04EC0-301F-11D3-BF4B-00C04F79EFBC}") = "BusinessLogic", "BusinessLogic\BusinessLogic.csproj", "{D8496515-CDD6-4A56-B635-E1DB2B094CF4}"
EndProject
Global
	GlobalSection(SolutionConfigurationPlatforms) = preSolution
		Debug|Any CPU = Debug|Any CPU
		Release|Any CPU = Release|Any CPU
	EndGlobalSection
	GlobalSection(ProjectConfigurationPlatforms) = postSolution
		{5298EA1F-E4BF-42AD-A2C0-ABB9E16C51F9}.Debug|Any CPU.ActiveCfg = Debug|Any CPU
		{5298EA1F-E4BF-42AD-A2C0-ABB9E16C51F9}.Debug|Any CPU.Build.0 = Debug|Any CPU
		{5298EA1F-E4BF-42AD-A2C0-ABB9E16C51F9}.Release|Any CPU.ActiveCfg = Release|Any CPU
		{5298EA1F-E4BF-42AD-A2C0-ABB9E16C51F9}.Release|Any CPU.Build.0 = Release|Any CPU
		{0C7546CB-80B7-4448-B4FA-79AB91BF943E}.Debug|Any CPU.ActiveCfg = Debug|Any CPU
		{0C7546CB-80B7-4448-B4FA-79AB91BF943E}.Debug|Any CPU.Build.0 = Debug|Any CPU
		{0C7546CB-80B7-4448-B4FA-79AB91BF943E}.Release|Any CPU.ActiveCfg = Release|Any CPU
		{0C7546CB-80B7-4448-B4FA-79AB91BF943E}.Release|Any CPU.Build.0 = Release|Any CPU
		{C45B3E60-1485-4DFD-818A-A9515908B1BE}.Debug|Any CPU.ActiveCfg = Debug|Any CPU
		{C45B3E60-1485-4DFD-818A-A9515908B1BE}.Debug|Any CPU.Build.0 = Debug|Any CPU
		{C45B3E60-1485-4DFD-818A-A9515908B1BE}.Release|Any CPU.ActiveCfg = Release|Any CPU
		{C45B3E60-1485-4DFD-818A-A9515908B1BE}.Release|Any CPU.Build.0 = Release|Any CPU
		{D8496515-CDD6-4A56-B635-E1DB2B094CF4}.Debug|Any CPU.ActiveCfg = Debug|Any CPU
		{D8496515-CDD6-4A56-B635-E1DB2B094CF4}.Debug|Any CPU.Build.0 = Debug|Any CPU
		{D8496515-CDD6-4A56-B635-E1DB2B094CF4}.Release|Any CPU.ActiveCfg = Release|Any CPU
		{D8496515-CDD6-4A56-B635-E1DB2B094CF4}.Release|Any CPU.Build.0 = Release|Any CPU
	EndGlobalSection
	GlobalSection(SolutionProperties) = preSolution
		HideSolutionNode = FALSE
	EndGlobalSection
	GlobalSection(ExtensibilityGlobals) = postSolution
		SolutionGuid = {7027836A-7491-4844-94C0-F89152F04EB9}
	EndGlobalSection
EndGlobal
